{
  "name": "@mclibs/dbutils",
  "version": "1.0.5",
  "lockfileVersion": 2,
  "requires": true,
  "packages": {
    "": {
      "name": "@mclibs/dbutils",
      "version": "1.0.5",
      "license": "MIT",
      "dependencies": {
        "@mclibs/hslib": "^1.0.3",
        "colors": "^1.4.0",
        "ini": "^2.0.0"
      },
      "devDependencies": {
        "@types/ini": "^1.3.31"
      }
    },
    "node_modules/@mclibs/hslib": {
      "version": "1.0.3",
      "resolved": "https://registry.npmjs.org/@mclibs/hslib/-/hslib-1.0.3.tgz",
      "integrity": "sha512-w7GOKKKaMh9VfK4G/GJ7VMhf3b8Ln5SPqYe+khdAeTTc6ffZZCzFkwh+3bCf64kRlYM9jUua/cud7XogPfspIw=="
    },
    "node_modules/@types/ini": {
      "version": "1.3.31",
      "resolved": "https://registry.npmjs.org/@types/ini/-/ini-1.3.31.tgz",
      "integrity": "sha512-8ecxxaG4AlVEM1k9+BsziMw8UsX0qy3jYI1ad/71RrDZ+rdL6aZB0wLfAuflQiDhkD5o4yJ0uPK3OSUic3fG0w==",
      "dev": true
    },
    "node_modules/colors": {
      "version": "1.4.0",
      "resolved": "https://registry.npmjs.org/colors/-/colors-1.4.0.tgz",
      "integrity": "sha512-a+UqTh4kgZg/SlGvfbzDHpgRu7AAQOmmqRHJnxhRZICKFUT91brVhNNt58CMWU9PsBbv3PDCZUHbVxuDiH2mtA==",
      "engines": {
        "node": ">=0.1.90"
      }
    },
    "node_modules/ini": {
      "version": "2.0.0",
      "resolved": "https://registry.npmjs.org/ini/-/ini-2.0.0.tgz",
      "integrity": "sha512-7PnF4oN3CvZF23ADhA5wRaYEQpJ8qygSkbtTXWBeXWXmEVRXK+1ITciHWwHhsjv1TmW0MgacIv6hEi5pX5NQdA==",
      "engines": {
        "node": ">=10"
      }
    }
  },
  "dependencies": {
    "@mclibs/hslib": {
      "version": "1.0.3",
      "resolved": "https://registry.npmjs.org/@mclibs/hslib/-/hslib-1.0.3.tgz",
      "integrity": "sha512-w7GOKKKaMh9VfK4G/GJ7VMhf3b8Ln5SPqYe+khdAeTTc6ffZZCzFkwh+3bCf64kRlYM9jUua/cud7XogPfspIw=="
    },
    "@types/ini": {
      "version": "1.3.31",
      "resolved": "https://registry.npmjs.org/@types/ini/-/ini-1.3.31.tgz",
      "integrity": "sha512-8ecxxaG4AlVEM1k9+BsziMw8UsX0qy3jYI1ad/71RrDZ+rdL6aZB0wLfAuflQiDhkD5o4yJ0uPK3OSUic3fG0w==",
      "dev": true
    },
    "colors": {
      "version": "1.4.0",
      "resolved": "https://registry.npmjs.org/colors/-/colors-1.4.0.tgz",
      "integrity": "sha512-a+UqTh4kgZg/SlGvfbzDHpgRu7AAQOmmqRHJnxhRZICKFUT91brVhNNt58CMWU9PsBbv3PDCZUHbVxuDiH2mtA=="
    },
    "ini": {
      "version": "2.0.0",
      "resolved": "https://registry.npmjs.org/ini/-/ini-2.0.0.tgz",
      "integrity": "sha512-7PnF4oN3CvZF23ADhA5wRaYEQpJ8qygSkbtTXWBeXWXmEVRXK+1ITciHWwHhsjv1TmW0MgacIv6hEi5pX5NQdA=="
    }
  }
}
